
Microsoft Visual Studio Solution File, Format Version 12.00
# Visual Studio 2015
Project("{FAE04EC0-301F-11D3-BF4B-00C04F79EFBC}") = "rollABall.CSharp", "rollABall.CSharp.csproj", "{91F4E7E3-2C9C-5D77-E144-0A0E34987682}"
EndProject
Global
	GlobalSection(SolutionConfigurationPlatforms) = preSolution
		Debug|Any CPU = Debug|Any CPU
		Release|Any CPU = Release|Any CPU
	EndGlobalSection
	GlobalSection(ProjectConfigurationPlatforms) = postSolution
		{91F4E7E3-2C9C-5D77-E144-0A0E34987682}.Debug|Any CPU.ActiveCfg = Debug|Any CPU
		{91F4E7E3-2C9C-5D77-E144-0A0E34987682}.Debug|Any CPU.Build.0 = Debug|Any CPU
		{91F4E7E3-2C9C-5D77-E144-0A0E34987682}.Release|Any CPU.ActiveCfg = Release|Any CPU
		{91F4E7E3-2C9C-5D77-E144-0A0E34987682}.Release|Any CPU.Build.0 = Release|Any CPU
	EndGlobalSection
	GlobalSection(SolutionProperties) = preSolution
		HideSolutionNode = FALSE
	EndGlobalSection
EndGlobal
